
Microsoft Visual Studio Solution File, Format Version 12.00
# Visual Studio Version 16
VisualStudioVersion = 16.0.31005.135
MinimumVisualStudioVersion = 10.0.40219.1
Project("{FAE04EC0-301F-11D3-BF4B-00C04F79EFBC}") = "Task1_1", "Task1_1\Task1_1.csproj", "{BBD11AA7-90B0-401B-9D73-4BC711A26B3B}"
EndProject
Global
	GlobalSection(SolutionConfigurationPlatforms) = preSolution
		Debug|Any CPU = Debug|Any CPU
		Release|Any CPU = Release|Any CPU
	EndGlobalSection
	GlobalSection(ProjectConfigurationPlatforms) = postSolution
		{BBD11AA7-90B0-401B-9D73-4BC711A26B3B}.Debug|Any CPU.ActiveCfg = Debug|Any CPU
		{BBD11AA7-90B0-401B-9D73-4BC711A26B3B}.Debug|Any CPU.Build.0 = Debug|Any CPU
		{BBD11AA7-90B0-401B-9D73-4BC711A26B3B}.Release|Any CPU.ActiveCfg = Release|Any CPU
		{BBD11AA7-90B0-401B-9D73-4BC711A26B3B}.Release|Any CPU.Build.0 = Release|Any CPU
	EndGlobalSection
	GlobalSection(SolutionProperties) = preSolution
		HideSolutionNode = FALSE
	EndGlobalSection
	GlobalSection(ExtensibilityGlobals) = postSolution
		SolutionGuid = {B1045BB2-5635-4A1F-A4B8-6B9AC2476956}
	EndGlobalSection
EndGlobal
